
Microsoft Visual Studio Solution File, Format Version 12.00
# Visual Studio 14
VisualStudioVersion = 14.0.25420.1
MinimumVisualStudioVersion = 10.0.40219.1
Project("{FAE04EC0-301F-11D3-BF4B-00C04F79EFBC}") = "App5", "App5\App5\App5.csproj", "{B94EAAA0-FD40-4C97-8271-C788B06D0C97}"
EndProject
Project("{FAE04EC0-301F-11D3-BF4B-00C04F79EFBC}") = "App5.Droid", "App5\App5.Droid\App5.Droid.csproj", "{0DF6F84B-5145-4545-B846-E13EEF547FF6}"
EndProject
Project("{FAE04EC0-301F-11D3-BF4B-00C04F79EFBC}") = "App5.iOS", "App5\App5.iOS\App5.iOS.csproj", "{EE75F7D5-510E-4906-B247-0A2CEEEE0205}"
EndProject
Project("{FAE04EC0-301F-11D3-BF4B-00C04F79EFBC}") = "App5.WinPhone", "App5\App5.WinPhone\App5.WinPhone.csproj", "{81EB672B-251E-41FC-9B94-F66936358F38}"
EndProject
Project("{FAE04EC0-301F-11D3-BF4B-00C04F79EFBC}") = "App5.Windows", "App5\App5.Windows\App5.Windows.csproj", "{79517219-E2E8-4C90-9A21-5364AA22EA86}"
EndProject
Global
	GlobalSection(SolutionConfigurationPlatforms) = preSolution
		Ad-Hoc|Any CPU = Ad-Hoc|Any CPU
		Ad-Hoc|ARM = Ad-Hoc|ARM
		Ad-Hoc|iPhone = Ad-Hoc|iPhone
		Ad-Hoc|iPhoneSimulator = Ad-Hoc|iPhoneSimulator
		Ad-Hoc|x64 = Ad-Hoc|x64
		Ad-Hoc|x86 = Ad-Hoc|x86
		AppStore|Any CPU = AppStore|Any CPU
		AppStore|ARM = AppStore|ARM
		AppStore|iPhone = AppStore|iPhone
		AppStore|iPhoneSimulator = AppStore|iPhoneSimulator
		AppStore|x64 = AppStore|x64
		AppStore|x86 = AppStore|x86
		Debug|Any CPU = Debug|Any CPU
		Debug|ARM = Debug|ARM
		Debug|iPhone = Debug|iPhone
		Debug|iPhoneSimulator = Debug|iPhoneSimulator
		Debug|x64 = Debug|x64
		Debug|x86 = Debug|x86
		Release|Any CPU = Release|Any CPU
		Release|ARM = Release|ARM
		Release|iPhone = Release|iPhone
		Release|iPhoneSimulator = Release|iPhoneSimulator
		Release|x64 = Release|x64
		Release|x86 = Release|x86
	EndGlobalSection
	GlobalSection(ProjectConfigurationPlatforms) = postSolution
		{B94EAAA0-FD40-4C97-8271-C788B06D0C97}.Ad-Hoc|Any CPU.ActiveCfg = Release|Any CPU
		{B94EAAA0-FD40-4C97-8271-C788B06D0C97}.Ad-Hoc|Any CPU.Build.0 = Release|Any CPU
		{B94EAAA0-FD40-4C97-8271-C788B06D0C97}.Ad-Hoc|ARM.ActiveCfg = Release|Any CPU
		{B94EAAA0-FD40-4C97-8271-C788B06D0C97}.Ad-Hoc|ARM.Build.0 = Release|Any CPU
		{B94EAAA0-FD40-4C97-8271-C788B06D0C97}.Ad-Hoc|iPhone.ActiveCfg = Release|Any CPU
		{B94EAAA0-FD40-4C97-8271-C788B06D0C97}.Ad-Hoc|iPhone.Build.0 = Release|Any CPU
		{B94EAAA0-FD40-4C97-8271-C788B06D0C97}.Ad-Hoc|iPhoneSimulator.ActiveCfg = Release|Any CPU
		{B94EAAA0-FD40-4C97-8271-C788B06D0C97}.Ad-Hoc|iPhoneSimulator.Build.0 = Release|Any CPU
		{B94EAAA0-FD40-4C97-8271-C788B06D0C97}.Ad-Hoc|x64.ActiveCfg = Release|Any CPU
		{B94EAAA0-FD40-4C97-8271-C788B06D0C97}.Ad-Hoc|x64.Build.0 = Release|Any CPU
		{B94EAAA0-FD40-4C97-8271-C788B06D0C97}.Ad-Hoc|x86.ActiveCfg = Release|Any CPU
		{B94EAAA0-FD40-4C97-8271-C788B06D0C97}.Ad-Hoc|x86.Build.0 = Release|Any CPU
		{B94EAAA0-FD40-4C97-8271-C788B06D0C97}.AppStore|Any CPU.ActiveCfg = Release|Any CPU
		{B94EAAA0-FD40-4C97-8271-C788B06D0C97}.AppStore|Any CPU.Build.0 = Release|Any CPU
		{B94EAAA0-FD40-4C97-8271-C788B06D0C97}.AppStore|ARM.ActiveCfg = Release|Any CPU
		{B94EAAA0-FD40-4C97-8271-C788B06D0C97}.AppStore|ARM.Build.0 = Release|Any CPU
		{B94EAAA0-FD40-4C97-8271-C788B06D0C97}.AppStore|iPhone.ActiveCfg = Release|Any CPU
		{B94EAAA0-FD40-4C97-8271-C788B06D0C97}.AppStore|iPhone.Build.0 = Release|Any CPU
		{B94EAAA0-FD40-4C97-8271-C788B06D0C97}.AppStore|iPhoneSimulator.ActiveCfg = Release|Any CPU
		{B94EAAA0-FD40-4C97-8271-C788B06D0C97}.AppStore|iPhoneSimulator.Build.0 = Release|Any CPU
		{B94EAAA0-FD40-4C97-8271-C788B06D0C97}.AppStore|x64.ActiveCfg = Release|Any CPU
		{B94EAAA0-FD40-4C97-8271-C788B06D0C97}.AppStore|x64.Build.0 = Release|Any CPU
		{B94EAAA0-FD40-4C97-8271-C788B06D0C97}.AppStore|x86.ActiveCfg = Release|Any CPU
		{B94EAAA0-FD40-4C97-8271-C788B06D0C97}.AppStore|x86.Build.0 = Release|Any CPU
		{B94EAAA0-FD40-4C97-8271-C788B06D0C97}.Debug|Any CPU.ActiveCfg = Debug|Any CPU
		{B94EAAA0-FD40-4C97-8271-C788B06D0C97}.Debug|Any CPU.Build.0 = Debug|Any CPU
		{B94EAAA0-FD40-4C97-8271-C788B06D0C97}.Debug|ARM.ActiveCfg = Debug|Any CPU
		{B94EAAA0-FD40-4C97-8271-C788B06D0C97}.Debug|ARM.Build.0 = Debug|Any CPU
		{B94EAAA0-FD40-4C97-8271-C788B06D0C97}.Debug|iPhone.ActiveCfg = Debug|Any CPU
		{B94EAAA0-FD40-4C97-8271-C788B06D0C97}.Debug|iPhone.Build.0 = Debug|Any CPU
		{B94EAAA0-FD40-4C97-8271-C788B06D0C97}.Debug|iPhoneSimulator.ActiveCfg = Debug|Any CPU
		{B94EAAA0-FD40-4C97-8271-C788B06D0C97}.Debug|iPhoneSimulator.Build.0 = Debug|Any CPU
		{B94EAAA0-FD40-4C97-8271-C788B06D0C97}.Debug|x64.ActiveCfg = Debug|Any CPU
		{B94EAAA0-FD40-4C97-8271-C788B06D0C97}.Debug|x64.Build.0 = Debug|Any CPU
		{B94EAAA0-FD40-4C97-8271-C788B06D0C97}.Debug|x86.ActiveCfg = Debug|Any CPU
		{B94EAAA0-FD40-4C97-8271-C788B06D0C97}.Debug|x86.Build.0 = Debug|Any CPU
		{B94EAAA0-FD40-4C97-8271-C788B06D0C97}.Release|Any CPU.ActiveCfg = Release|Any CPU
		{B94EAAA0-FD40-4C97-8271-C788B06D0C97}.Release|Any CPU.Build.0 = Release|Any CPU
		{B94EAAA0-FD40-4C97-8271-C788B06D0C97}.Release|ARM.ActiveCfg = Release|Any CPU
		{B94EAAA0-FD40-4C97-8271-C788B06D0C97}.Release|ARM.Build.0 = Release|Any CPU
		{B94EAAA0-FD40-4C97-8271-C788B06D0C97}.Release|iPhone.ActiveCfg = Release|Any CPU
		{B94EAAA0-FD40-4C97-8271-C788B06D0C97}.Release|iPhone.Build.0 = Release|Any CPU
		{B94EAAA0-FD40-4C97-8271-C788B06D0C97}.Release|iPhoneSimulator.ActiveCfg = Release|Any CPU
		{B94EAAA0-FD40-4C97-8271-C788B06D0C97}.Release|iPhoneSimulator.Build.0 = Release|Any CPU
		{B94EAAA0-FD40-4C97-8271-C788B06D0C97}.Release|x64.ActiveCfg = Release|Any CPU
		{B94EAAA0-FD40-4C97-8271-C788B06D0C97}.Release|x64.Build.0 = Release|Any CPU
		{B94EAAA0-FD40-4C97-8271-C788B06D0C97}.Release|x86.ActiveCfg = Release|Any CPU
		{B94EAAA0-FD40-4C97-8271-C788B06D0C97}.Release|x86.Build.0 = Release|Any CPU
		{0DF6F84B-5145-4545-B846-E13EEF547FF6}.Ad-Hoc|Any CPU.ActiveCfg = Release|Any CPU
		{0DF6F84B-5145-4545-B846-E13EEF547FF6}.Ad-Hoc|Any CPU.Build.0 = Release|Any CPU
		{0DF6F84B-5145-4545-B846-E13EEF547FF6}.Ad-Hoc|Any CPU.Deploy.0 = Release|Any CPU
		{0DF6F84B-5145-4545-B846-E13EEF547FF6}.Ad-Hoc|ARM.ActiveCfg = Release|Any CPU
		{0DF6F84B-5145-4545-B846-E13EEF547FF6}.Ad-Hoc|ARM.Build.0 = Release|Any CPU
		{0DF6F84B-5145-4545-B846-E13EEF547FF6}.Ad-Hoc|ARM.Deploy.0 = Release|Any CPU
		{0DF6F84B-5145-4545-B846-E13EEF547FF6}.Ad-Hoc|iPhone.ActiveCfg = Release|Any CPU
		{0DF6F84B-5145-4545-B846-E13EEF547FF6}.Ad-Hoc|iPhone.Build.0 = Release|Any CPU
		{0DF6F84B-5145-4545-B846-E13EEF547FF6}.Ad-Hoc|iPhone.Deploy.0 = Release|Any CPU
		{0DF6F84B-5145-4545-B846-E13EEF547FF6}.Ad-Hoc|iPhoneSimulator.ActiveCfg = Release|Any CPU
		{0DF6F84B-5145-4545-B846-E13EEF547FF6}.Ad-Hoc|iPhoneSimulator.Build.0 = Release|Any CPU
		{0DF6F84B-5145-4545-B846-E13EEF547FF6}.Ad-Hoc|iPhoneSimulator.Deploy.0 = Release|Any CPU
		{0DF6F84B-5145-4545-B846-E13EEF547FF6}.Ad-Hoc|x64.ActiveCfg = Release|Any CPU
		{0DF6F84B-5145-4545-B846-E13EEF547FF6}.Ad-Hoc|x64.Build.0 = Release|Any CPU
		{0DF6F84B-5145-4545-B846-E13EEF547FF6}.Ad-Hoc|x64.Deploy.0 = Release|Any CPU
		{0DF6F84B-5145-4545-B846-E13EEF547FF6}.Ad-Hoc|x86.ActiveCfg = Release|Any CPU
		{0DF6F84B-5145-4545-B846-E13EEF547FF6}.Ad-Hoc|x86.Build.0 = Release|Any CPU
		{0DF6F84B-5145-4545-B846-E13EEF547FF6}.Ad-Hoc|x86.Deploy.0 = Release|Any CPU
		{0DF6F84B-5145-4545-B846-E13EEF547FF6}.AppStore|Any CPU.ActiveCfg = Release|Any CPU
		{0DF6F84B-5145-4545-B846-E13EEF547FF6}.AppStore|Any CPU.Build.0 = Release|Any CPU
		{0DF6F84B-5145-4545-B846-E13EEF547FF6}.AppStore|Any CPU.Deploy.0 = Release|Any CPU
		{0DF6F84B-5145-4545-B846-E13EEF547FF6}.AppStore|ARM.ActiveCfg = Release|Any CPU
		{0DF6F84B-5145-4545-B846-E13EEF547FF6}.AppStore|ARM.Build.0 = Release|Any CPU
		{0DF6F84B-5145-4545-B846-E13EEF547FF6}.AppStore|ARM.Deploy.0 = Release|Any CPU
		{0DF6F84B-5145-4545-B846-E13EEF547FF6}.AppStore|iPhone.ActiveCfg = Release|Any CPU
		{0DF6F84B-5145-4545-B846-E13EEF547FF6}.AppStore|iPhone.Build.0 = Release|Any CPU
		{0DF6F84B-5145-4545-B846-E13EEF547FF6}.AppStore|iPhone.Deploy.0 = Release|Any CPU
		{0DF6F84B-5145-4545-B846-E13EEF547FF6}.AppStore|iPhoneSimulator.ActiveCfg = Release|Any CPU
		{0DF6F84B-5145-4545-B846-E13EEF547FF6}.AppStore|iPhoneSimulator.Build.0 = Release|Any CPU
		{0DF6F84B-5145-4545-B846-E13EEF547FF6}.AppStore|iPhoneSimulator.Deploy.0 = Release|Any CPU
		{0DF6F84B-5145-4545-B846-E13EEF547FF6}.AppStore|x64.ActiveCfg = Release|Any CPU
		{0DF6F84B-5145-4545-B846-E13EEF547FF6}.AppStore|x64.Build.0 = Release|Any CPU
		{0DF6F84B-5145-4545-B846-E13EEF547FF6}.AppStore|x64.Deploy.0 = Release|Any CPU
		{0DF6F84B-5145-4545-B846-E13EEF547FF6}.AppStore|x86.ActiveCfg = Release|Any CPU
		{0DF6F84B-5145-4545-B846-E13EEF547FF6}.AppStore|x86.Build.0 = Release|Any CPU
		{0DF6F84B-5145-4545-B846-E13EEF547FF6}.AppStore|x86.Deploy.0 = Release|Any CPU
		{0DF6F84B-5145-4545-B846-E13EEF547FF6}.Debug|Any CPU.ActiveCfg = Debug|Any CPU
		{0DF6F84B-5145-4545-B846-E13EEF547FF6}.Debug|Any CPU.Build.0 = Debug|Any CPU
		{0DF6F84B-5145-4545-B846-E13EEF547FF6}.Debug|Any CPU.Deploy.0 = Debug|Any CPU
		{0DF6F84B-5145-4545-B846-E13EEF547FF6}.Debug|ARM.ActiveCfg = Debug|Any CPU
		{0DF6F84B-5145-4545-B846-E13EEF547FF6}.Debug|ARM.Build.0 = Debug|Any CPU
		{0DF6F84B-5145-4545-B846-E13EEF547FF6}.Debug|ARM.Deploy.0 = Debug|Any CPU
		{0DF6F84B-5145-4545-B846-E13EEF547FF6}.Debug|iPhone.ActiveCfg = Debug|Any CPU
		{0DF6F84B-5145-4545-B846-E13EEF547FF6}.Debug|iPhone.Build.0 = Debug|Any CPU
		{0DF6F84B-5145-4545-B846-E13EEF547FF6}.Debug|iPhone.Deploy.0 = Debug|Any CPU
		{0DF6F84B-5145-4545-B846-E13EEF547FF6}.Debug|iPhoneSimulator.ActiveCfg = Debug|Any CPU
		{0DF6F84B-5145-4545-B846-E13EEF547FF6}.Debug|iPhoneSimulator.Build.0 = Debug|Any CPU
		{0DF6F84B-5145-4545-B846-E13EEF547FF6}.Debug|iPhoneSimulator.Deploy.0 = Debug|Any CPU
		{0DF6F84B-5145-4545-B846-E13EEF547FF6}.Debug|x64.ActiveCfg = Debug|Any CPU
		{0DF6F84B-5145-4545-B846-E13EEF547FF6}.Debug|x64.Build.0 = Debug|Any CPU
		{0DF6F84B-5145-4545-B846-E13EEF547FF6}.Debug|x64.Deploy.0 = Debug|Any CPU
		{0DF6F84B-5145-4545-B846-E13EEF547FF6}.Debug|x86.ActiveCfg = Debug|Any CPU
		{0DF6F84B-5145-4545-B846-E13EEF547FF6}.Debug|x86.Build.0 = Debug|Any CPU
		{0DF6F84B-5145-4545-B846-E13EEF547FF6}.Debug|x86.Deploy.0 = Debug|Any CPU
		{0DF6F84B-5145-4545-B846-E13EEF547FF6}.Release|Any CPU.ActiveCfg = Release|Any CPU
		{0DF6F84B-5145-4545-B846-E13EEF547FF6}.Release|Any CPU.Build.0 = Release|Any CPU
		{0DF6F84B-5145-4545-B846-E13EEF547FF6}.Release|Any CPU.Deploy.0 = Release|Any CPU
		{0DF6F84B-5145-4545-B846-E13EEF547FF6}.Release|ARM.ActiveCfg = Release|Any CPU
		{0DF6F84B-5145-4545-B846-E13EEF547FF6}.Release|ARM.Build.0 = Release|Any CPU
		{0DF6F84B-5145-4545-B846-E13EEF547FF6}.Release|ARM.Deploy.0 = Release|Any CPU
		{0DF6F84B-5145-4545-B846-E13EEF547FF6}.Release|iPhone.ActiveCfg = Release|Any CPU
		{0DF6F84B-5145-4545-B846-E13EEF547FF6}.Release|iPhone.Build.0 = Release|Any CPU
		{0DF6F84B-5145-4545-B846-E13EEF547FF6}.Release|iPhone.Deploy.0 = Release|Any CPU
		{0DF6F84B-5145-4545-B846-E13EEF547FF6}.Release|iPhoneSimulator.ActiveCfg = Release|Any CPU
		{0DF6F84B-5145-4545-B846-E13EEF547FF6}.Release|iPhoneSimulator.Build.0 = Release|Any CPU
		{0DF6F84B-5145-4545-B846-E13EEF547FF6}.Release|iPhoneSimulator.Deploy.0 = Release|Any CPU
		{0DF6F84B-5145-4545-B846-E13EEF547FF6}.Release|x64.ActiveCfg = Release|Any CPU
		{0DF6F84B-5145-4545-B846-E13EEF547FF6}.Release|x64.Build.0 = Release|Any CPU
		{0DF6F84B-5145-4545-B846-E13EEF547FF6}.Release|x64.Deploy.0 = Release|Any CPU
		{0DF6F84B-5145-4545-B846-E13EEF547FF6}.Release|x86.ActiveCfg = Release|Any CPU
		{0DF6F84B-5145-4545-B846-E13EEF547FF6}.Release|x86.Build.0 = Release|Any CPU
		{0DF6F84B-5145-4545-B846-E13EEF547FF6}.Release|x86.Deploy.0 = Release|Any CPU
		{EE75F7D5-510E-4906-B247-0A2CEEEE0205}.Ad-Hoc|Any CPU.ActiveCfg = Ad-Hoc|iPhone
		{EE75F7D5-510E-4906-B247-0A2CEEEE0205}.Ad-Hoc|ARM.ActiveCfg = Ad-Hoc|iPhone
		{EE75F7D5-510E-4906-B247-0A2CEEEE0205}.Ad-Hoc|iPhone.ActiveCfg = Ad-Hoc|iPhone
		{EE75F7D5-510E-4906-B247-0A2CEEEE0205}.Ad-Hoc|iPhone.Build.0 = Ad-Hoc|iPhone
		{EE75F7D5-510E-4906-B247-0A2CEEEE0205}.Ad-Hoc|iPhoneSimulator.ActiveCfg = Ad-Hoc|iPhoneSimulator
		{EE75F7D5-510E-4906-B247-0A2CEEEE0205}.Ad-Hoc|iPhoneSimulator.Build.0 = Ad-Hoc|iPhoneSimulator
		{EE75F7D5-510E-4906-B247-0A2CEEEE0205}.Ad-Hoc|x64.ActiveCfg = Ad-Hoc|iPhone
		{EE75F7D5-510E-4906-B247-0A2CEEEE0205}.Ad-Hoc|x86.ActiveCfg = Ad-Hoc|iPhone
		{EE75F7D5-510E-4906-B247-0A2CEEEE0205}.AppStore|Any CPU.ActiveCfg = AppStore|iPhone
		{EE75F7D5-510E-4906-B247-0A2CEEEE0205}.AppStore|ARM.ActiveCfg = AppStore|iPhone
		{EE75F7D5-510E-4906-B247-0A2CEEEE0205}.AppStore|iPhone.ActiveCfg = AppStore|iPhone
		{EE75F7D5-510E-4906-B247-0A2CEEEE0205}.AppStore|iPhone.Build.0 = AppStore|iPhone
		{EE75F7D5-510E-4906-B247-0A2CEEEE0205}.AppStore|iPhoneSimulator.ActiveCfg = AppStore|iPhoneSimulator
		{EE75F7D5-510E-4906-B247-0A2CEEEE0205}.AppStore|iPhoneSimulator.Build.0 = AppStore|iPhoneSimulator
		{EE75F7D5-510E-4906-B247-0A2CEEEE0205}.AppStore|x64.ActiveCfg = AppStore|iPhone
		{EE75F7D5-510E-4906-B247-0A2CEEEE0205}.AppStore|x86.ActiveCfg = AppStore|iPhone
		{EE75F7D5-510E-4906-B247-0A2CEEEE0205}.Debug|Any CPU.ActiveCfg = Debug|iPhone
		{EE75F7D5-510E-4906-B247-0A2CEEEE0205}.Debug|ARM.ActiveCfg = Debug|iPhone
		{EE75F7D5-510E-4906-B247-0A2CEEEE0205}.Debug|iPhone.ActiveCfg = Debug|iPhone
		{EE75F7D5-510E-4906-B247-0A2CEEEE0205}.Debug|iPhone.Build.0 = Debug|iPhone
		{EE75F7D5-510E-4906-B247-0A2CEEEE0205}.Debug|iPhoneSimulator.ActiveCfg = Debug|iPhoneSimulator
		{EE75F7D5-510E-4906-B247-0A2CEEEE0205}.Debug|iPhoneSimulator.Build.0 = Debug|iPhoneSimulator
		{EE75F7D5-510E-4906-B247-0A2CEEEE0205}.Debug|x64.ActiveCfg = Debug|iPhone
		{EE75F7D5-510E-4906-B247-0A2CEEEE0205}.Debug|x86.ActiveCfg = Debug|iPhone
		{EE75F7D5-510E-4906-B247-0A2CEEEE0205}.Release|Any CPU.ActiveCfg = Release|iPhone
		{EE75F7D5-510E-4906-B247-0A2CEEEE0205}.Release|ARM.ActiveCfg = Release|iPhone
		{EE75F7D5-510E-4906-B247-0A2CEEEE0205}.Release|iPhone.ActiveCfg = Release|iPhone
		{EE75F7D5-510E-4906-B247-0A2CEEEE0205}.Release|iPhone.Build.0 = Release|iPhone
		{EE75F7D5-510E-4906-B247-0A2CEEEE0205}.Release|iPhoneSimulator.ActiveCfg = Release|iPhoneSimulator
		{EE75F7D5-510E-4906-B247-0A2CEEEE0205}.Release|iPhoneSimulator.Build.0 = Release|iPhoneSimulator
		{EE75F7D5-510E-4906-B247-0A2CEEEE0205}.Release|x64.ActiveCfg = Release|iPhone
		{EE75F7D5-510E-4906-B247-0A2CEEEE0205}.Release|x86.ActiveCfg = Release|iPhone
		{81EB672B-251E-41FC-9B94-F66936358F38}.Ad-Hoc|Any CPU.ActiveCfg = Release|Any CPU
		{81EB672B-251E-41FC-9B94-F66936358F38}.Ad-Hoc|Any CPU.Build.0 = Release|Any CPU
		{81EB672B-251E-41FC-9B94-F66936358F38}.Ad-Hoc|Any CPU.Deploy.0 = Release|Any CPU
		{81EB672B-251E-41FC-9B94-F66936358F38}.Ad-Hoc|ARM.ActiveCfg = Release|ARM
		{81EB672B-251E-41FC-9B94-F66936358F38}.Ad-Hoc|ARM.Build.0 = Release|ARM
		{81EB672B-251E-41FC-9B94-F66936358F38}.Ad-Hoc|ARM.Deploy.0 = Release|ARM
		{81EB672B-251E-41FC-9B94-F66936358F38}.Ad-Hoc|iPhone.ActiveCfg = Release|Any CPU
		{81EB672B-251E-41FC-9B94-F66936358F38}.Ad-Hoc|iPhone.Build.0 = Release|Any CPU
		{81EB672B-251E-41FC-9B94-F66936358F38}.Ad-Hoc|iPhone.Deploy.0 = Release|Any CPU
		{81EB672B-251E-41FC-9B94-F66936358F38}.Ad-Hoc|iPhoneSimulator.ActiveCfg = Release|Any CPU
		{81EB672B-251E-41FC-9B94-F66936358F38}.Ad-Hoc|iPhoneSimulator.Build.0 = Release|Any CPU
		{81EB672B-251E-41FC-9B94-F66936358F38}.Ad-Hoc|iPhoneSimulator.Deploy.0 = Release|Any CPU
		{81EB672B-251E-41FC-9B94-F66936358F38}.Ad-Hoc|x64.ActiveCfg = Release|Any CPU
		{81EB672B-251E-41FC-9B94-F66936358F38}.Ad-Hoc|x64.Build.0 = Release|Any CPU
		{81EB672B-251E-41FC-9B94-F66936358F38}.Ad-Hoc|x64.Deploy.0 = Release|Any CPU
		{81EB672B-251E-41FC-9B94-F66936358F38}.Ad-Hoc|x86.ActiveCfg = Release|x86
		{81EB672B-251E-41FC-9B94-F66936358F38}.Ad-Hoc|x86.Build.0 = Release|x86
		{81EB672B-251E-41FC-9B94-F66936358F38}.Ad-Hoc|x86.Deploy.0 = Release|x86
		{81EB672B-251E-41FC-9B94-F66936358F38}.AppStore|Any CPU.ActiveCfg = Release|Any CPU
		{81EB672B-251E-41FC-9B94-F66936358F38}.AppStore|Any CPU.Build.0 = Release|Any CPU
		{81EB672B-251E-41FC-9B94-F66936358F38}.AppStore|Any CPU.Deploy.0 = Release|Any CPU
		{81EB672B-251E-41FC-9B94-F66936358F38}.AppStore|ARM.ActiveCfg = Release|ARM
		{81EB672B-251E-41FC-9B94-F66936358F38}.AppStore|ARM.Build.0 = Release|ARM
		{81EB672B-251E-41FC-9B94-F66936358F38}.AppStore|ARM.Deploy.0 = Release|ARM
		{81EB672B-251E-41FC-9B94-F66936358F38}.AppStore|iPhone.ActiveCfg = Release|Any CPU
		{81EB672B-251E-41FC-9B94-F66936358F38}.AppStore|iPhone.Build.0 = Release|Any CPU
		{81EB672B-251E-41FC-9B94-F66936358F38}.AppStore|iPhone.Deploy.0 = Release|Any CPU
		{81EB672B-251E-41FC-9B94-F66936358F38}.AppStore|iPhoneSimulator.ActiveCfg = Release|Any CPU
		{81EB672B-251E-41FC-9B94-F66936358F38}.AppStore|iPhoneSimulator.Build.0 = Release|Any CPU
		{81EB672B-251E-41FC-9B94-F66936358F38}.AppStore|iPhoneSimulator.Deploy.0 = Release|Any CPU
		{81EB672B-251E-41FC-9B94-F66936358F38}.AppStore|x64.ActiveCfg = Release|Any CPU
		{81EB672B-251E-41FC-9B94-F66936358F38}.AppStore|x64.Build.0 = Release|Any CPU
		{81EB672B-251E-41FC-9B94-F66936358F38}.AppStore|x64.Deploy.0 = Release|Any CPU
		{81EB672B-251E-41FC-9B94-F66936358F38}.AppStore|x86.ActiveCfg = Release|x86
		{81EB672B-251E-41FC-9B94-F66936358F38}.AppStore|x86.Build.0 = Release|x86
		{81EB672B-251E-41FC-9B94-F66936358F38}.AppStore|x86.Deploy.0 = Release|x86
		{81EB672B-251E-41FC-9B94-F66936358F38}.Debug|Any CPU.ActiveCfg = Debug|Any CPU
		{81EB672B-251E-41FC-9B94-F66936358F38}.Debug|Any CPU.Build.0 = Debug|Any CPU
		{81EB672B-251E-41FC-9B94-F66936358F38}.Debug|Any CPU.Deploy.0 = Debug|Any CPU
		{81EB672B-251E-41FC-9B94-F66936358F38}.Debug|ARM.ActiveCfg = Debug|ARM
		{81EB672B-251E-41FC-9B94-F66936358F38}.Debug|ARM.Build.0 = Debug|ARM
		{81EB672B-251E-41FC-9B94-F66936358F38}.Debug|ARM.Deploy.0 = Debug|ARM
		{81EB672B-251E-41FC-9B94-F66936358F38}.Debug|iPhone.ActiveCfg = Debug|Any CPU
		{81EB672B-251E-41FC-9B94-F66936358F38}.Debug|iPhone.Build.0 = Debug|Any CPU
		{81EB672B-251E-41FC-9B94-F66936358F38}.Debug|iPhone.Deploy.0 = Debug|Any CPU
		{81EB672B-251E-41FC-9B94-F66936358F38}.Debug|iPhoneSimulator.ActiveCfg = Debug|Any CPU
		{81EB672B-251E-41FC-9B94-F66936358F38}.Debug|iPhoneSimulator.Build.0 = Debug|Any CPU
		{81EB672B-251E-41FC-9B94-F66936358F38}.Debug|iPhoneSimulator.Deploy.0 = Debug|Any CPU
		{81EB672B-251E-41FC-9B94-F66936358F38}.Debug|x64.ActiveCfg = Debug|Any CPU
		{81EB672B-251E-41FC-9B94-F66936358F38}.Debug|x64.Build.0 = Debug|Any CPU
		{81EB672B-251E-41FC-9B94-F66936358F38}.Debug|x64.Deploy.0 = Debug|Any CPU
		{81EB672B-251E-41FC-9B94-F66936358F38}.Debug|x86.ActiveCfg = Debug|x86
		{81EB672B-251E-41FC-9B94-F66936358F38}.Debug|x86.Build.0 = Debug|x86
		{81EB672B-251E-41FC-9B94-F66936358F38}.Debug|x86.Deploy.0 = Debug|x86
		{81EB672B-251E-41FC-9B94-F66936358F38}.Release|Any CPU.ActiveCfg = Release|Any CPU
		{81EB672B-251E-41FC-9B94-F66936358F38}.Release|Any CPU.Build.0 = Release|Any CPU
		{81EB672B-251E-41FC-9B94-F66936358F38}.Release|Any CPU.Deploy.0 = Release|Any CPU
		{81EB672B-251E-41FC-9B94-F66936358F38}.Release|ARM.ActiveCfg = Release|ARM
		{81EB672B-251E-41FC-9B94-F66936358F38}.Release|ARM.Build.0 = Release|ARM
		{81EB672B-251E-41FC-9B94-F66936358F38}.Release|ARM.Deploy.0 = Release|ARM
		{81EB672B-251E-41FC-9B94-F66936358F38}.Release|iPhone.ActiveCfg = Release|Any CPU
		{81EB672B-251E-41FC-9B94-F66936358F38}.Release|iPhone.Build.0 = Release|Any CPU
		{81EB672B-251E-41FC-9B94-F66936358F38}.Release|iPhone.Deploy.0 = Release|Any CPU
		{81EB672B-251E-41FC-9B94-F66936358F38}.Release|iPhoneSimulator.ActiveCfg = Release|Any CPU
		{81EB672B-251E-41FC-9B94-F66936358F38}.Release|iPhoneSimulator.Build.0 = Release|Any CPU
		{81EB672B-251E-41FC-9B94-F66936358F38}.Release|iPhoneSimulator.Deploy.0 = Release|Any CPU
		{81EB672B-251E-41FC-9B94-F66936358F38}.Release|x64.ActiveCfg = Release|Any CPU
		{81EB672B-251E-41FC-9B94-F66936358F38}.Release|x64.Build.0 = Release|Any CPU
		{81EB672B-251E-41FC-9B94-F66936358F38}.Release|x64.Deploy.0 = Release|Any CPU
		{81EB672B-251E-41FC-9B94-F66936358F38}.Release|x86.ActiveCfg = Release|x86
		{81EB672B-251E-41FC-9B94-F66936358F38}.Release|x86.Build.0 = Release|x86
		{81EB672B-251E-41FC-9B94-F66936358F38}.Release|x86.Deploy.0 = Release|x86
		{79517219-E2E8-4C90-9A21-5364AA22EA86}.Ad-Hoc|Any CPU.ActiveCfg = Release|Any CPU
		{79517219-E2E8-4C90-9A21-5364AA22EA86}.Ad-Hoc|Any CPU.Build.0 = Release|Any CPU
		{79517219-E2E8-4C90-9A21-5364AA22EA86}.Ad-Hoc|Any CPU.Deploy.0 = Release|Any CPU
		{79517219-E2E8-4C90-9A21-5364AA22EA86}.Ad-Hoc|ARM.ActiveCfg = Release|ARM
		{79517219-E2E8-4C90-9A21-5364AA22EA86}.Ad-Hoc|ARM.Build.0 = Release|ARM
		{79517219-E2E8-4C90-9A21-5364AA22EA86}.Ad-Hoc|ARM.Deploy.0 = Release|ARM
		{79517219-E2E8-4C90-9A21-5364AA22EA86}.Ad-Hoc|iPhone.ActiveCfg = Release|Any CPU
		{79517219-E2E8-4C90-9A21-5364AA22EA86}.Ad-Hoc|iPhone.Build.0 = Release|Any CPU
		{79517219-E2E8-4C90-9A21-5364AA22EA86}.Ad-Hoc|iPhone.Deploy.0 = Release|Any CPU
		{79517219-E2E8-4C90-9A21-5364AA22EA86}.Ad-Hoc|iPhoneSimulator.ActiveCfg = Release|Any CPU
		{79517219-E2E8-4C90-9A21-5364AA22EA86}.Ad-Hoc|iPhoneSimulator.Build.0 = Release|Any CPU
		{79517219-E2E8-4C90-9A21-5364AA22EA86}.Ad-Hoc|iPhoneSimulator.Deploy.0 = Release|Any CPU
		{79517219-E2E8-4C90-9A21-5364AA22EA86}.Ad-Hoc|x64.ActiveCfg = Release|x64
		{79517219-E2E8-4C90-9A21-5364AA22EA86}.Ad-Hoc|x64.Build.0 = Release|x64
		{79517219-E2E8-4C90-9A21-5364AA22EA86}.Ad-Hoc|x64.Deploy.0 = Release|x64
		{79517219-E2E8-4C90-9A21-5364AA22EA86}.Ad-Hoc|x86.ActiveCfg = Release|x86
		{79517219-E2E8-4C90-9A21-5364AA22EA86}.Ad-Hoc|x86.Build.0 = Release|x86
		{79517219-E2E8-4C90-9A21-5364AA22EA86}.Ad-Hoc|x86.Deploy.0 = Release|x86
		{79517219-E2E8-4C90-9A21-5364AA22EA86}.AppStore|Any CPU.ActiveCfg = Release|Any CPU
		{79517219-E2E8-4C90-9A21-5364AA22EA86}.AppStore|Any CPU.Build.0 = Release|Any CPU
		{79517219-E2E8-4C90-9A21-5364AA22EA86}.AppStore|Any CPU.Deploy.0 = Release|Any CPU
		{79517219-E2E8-4C90-9A21-5364AA22EA86}.AppStore|ARM.ActiveCfg = Release|ARM
		{79517219-E2E8-4C90-9A21-5364AA22EA86}.AppStore|ARM.Build.0 = Release|ARM
		{79517219-E2E8-4C90-9A21-5364AA22EA86}.AppStore|ARM.Deploy.0 = Release|ARM
		{79517219-E2E8-4C90-9A21-5364AA22EA86}.AppStore|iPhone.ActiveCfg = Release|Any CPU
		{79517219-E2E8-4C90-9A21-5364AA22EA86}.AppStore|iPhone.Build.0 = Release|Any CPU
		{79517219-E2E8-4C90-9A21-5364AA22EA86}.AppStore|iPhone.Deploy.0 = Release|Any CPU
		{79517219-E2E8-4C90-9A21-5364AA22EA86}.AppStore|iPhoneSimulator.ActiveCfg = Release|Any CPU
		{79517219-E2E8-4C90-9A21-5364AA22EA86}.AppStore|iPhoneSimulator.Build.0 = Release|Any CPU
		{79517219-E2E8-4C90-9A21-5364AA22EA86}.AppStore|iPhoneSimulator.Deploy.0 = Release|Any CPU
		{79517219-E2E8-4C90-9A21-5364AA22EA86}.AppStore|x64.ActiveCfg = Release|x64
		{79517219-E2E8-4C90-9A21-5364AA22EA86}.AppStore|x64.Build.0 = Release|x64
		{79517219-E2E8-4C90-9A21-5364AA22EA86}.AppStore|x64.Deploy.0 = Release|x64
		{79517219-E2E8-4C90-9A21-5364AA22EA86}.AppStore|x86.ActiveCfg = Release|x86
		{79517219-E2E8-4C90-9A21-5364AA22EA86}.AppStore|x86.Build.0 = Release|x86
		{79517219-E2E8-4C90-9A21-5364AA22EA86}.AppStore|x86.Deploy.0 = Release|x86
		{79517219-E2E8-4C90-9A21-5364AA22EA86}.Debug|Any CPU.ActiveCfg = Debug|Any CPU
		{79517219-E2E8-4C90-9A21-5364AA22EA86}.Debug|Any CPU.Build.0 = Debug|Any CPU
		{79517219-E2E8-4C90-9A21-5364AA22EA86}.Debug|Any CPU.Deploy.0 = Debug|Any CPU
		{79517219-E2E8-4C90-9A21-5364AA22EA86}.Debug|ARM.ActiveCfg = Debug|ARM
		{79517219-E2E8-4C90-9A21-5364AA22EA86}.Debug|ARM.Build.0 = Debug|ARM
		{79517219-E2E8-4C90-9A21-5364AA22EA86}.Debug|ARM.Deploy.0 = Debug|ARM
		{79517219-E2E8-4C90-9A21-5364AA22EA86}.Debug|iPhone.ActiveCfg = Debug|Any CPU
		{79517219-E2E8-4C90-9A21-5364AA22EA86}.Debug|iPhone.Build.0 = Debug|Any CPU
		{79517219-E2E8-4C90-9A21-5364AA22EA86}.Debug|iPhone.Deploy.0 = Debug|Any CPU
		{79517219-E2E8-4C90-9A21-5364AA22EA86}.Debug|iPhoneSimulator.ActiveCfg = Debug|Any CPU
		{79517219-E2E8-4C90-9A21-5364AA22EA86}.Debug|iPhoneSimulator.Build.0 = Debug|Any CPU
		{79517219-E2E8-4C90-9A21-5364AA22EA86}.Debug|iPhoneSimulator.Deploy.0 = Debug|Any CPU
		{79517219-E2E8-4C90-9A21-5364AA22EA86}.Debug|x64.ActiveCfg = Debug|x64
		{79517219-E2E8-4C90-9A21-5364AA22EA86}.Debug|x64.Build.0 = Debug|x64
		{79517219-E2E8-4C90-9A21-5364AA22EA86}.Debug|x64.Deploy.0 = Debug|x64
		{79517219-E2E8-4C90-9A21-5364AA22EA86}.Debug|x86.ActiveCfg = Debug|x86
		{79517219-E2E8-4C90-9A21-5364AA22EA86}.Debug|x86.Build.0 = Debug|x86
		{79517219-E2E8-4C90-9A21-5364AA22EA86}.Debug|x86.Deploy.0 = Debug|x86
		{79517219-E2E8-4C90-9A21-5364AA22EA86}.Release|Any CPU.ActiveCfg = Release|Any CPU
		{79517219-E2E8-4C90-9A21-5364AA22EA86}.Release|Any CPU.Build.0 = Release|Any CPU
		{79517219-E2E8-4C90-9A21-5364AA22EA86}.Release|Any CPU.Deploy.0 = Release|Any CPU
		{79517219-E2E8-4C90-9A21-5364AA22EA86}.Release|ARM.ActiveCfg = Release|ARM
		{79517219-E2E8-4C90-9A21-5364AA22EA86}.Release|ARM.Build.0 = Release|ARM
		{79517219-E2E8-4C90-9A21-5364AA22EA86}.Release|ARM.Deploy.0 = Release|ARM
		{79517219-E2E8-4C90-9A21-5364AA22EA86}.Release|iPhone.ActiveCfg = Release|Any CPU
		{79517219-E2E8-4C90-9A21-5364AA22EA86}.Release|iPhone.Build.0 = Release|Any CPU
		{79517219-E2E8-4C90-9A21-5364AA22EA86}.Release|iPhone.Deploy.0 = Release|Any CPU
		{79517219-E2E8-4C90-9A21-5364AA22EA86}.Release|iPhoneSimulator.ActiveCfg = Release|Any CPU
		{79517219-E2E8-4C90-9A21-5364AA22EA86}.Release|iPhoneSimulator.Build.0 = Release|Any CPU
		{79517219-E2E8-4C90-9A21-5364AA22EA86}.Release|iPhoneSimulator.Deploy.0 = Release|Any CPU
		{79517219-E2E8-4C90-9A21-5364AA22EA86}.Release|x64.ActiveCfg = Release|x64
		{79517219-E2E8-4C90-9A21-5364AA22EA86}.Release|x64.Build.0 = Release|x64
		{79517219-E2E8-4C90-9A21-5364AA22EA86}.Release|x64.Deploy.0 = Release|x64
		{79517219-E2E8-4C90-9A21-5364AA22EA86}.Release|x86.ActiveCfg = Release|x86
		{79517219-E2E8-4C90-9A21-5364AA22EA86}.Release|x86.Build.0 = Release|x86
		{79517219-E2E8-4C90-9A21-5364AA22EA86}.Release|x86.Deploy.0 = Release|x86
	EndGlobalSection
	GlobalSection(SolutionProperties) = preSolution
		HideSolutionNode = FALSE
	EndGlobalSection
EndGlobal
